
Microsoft Visual Studio Solution File, Format Version 12.00
# Visual Studio Version 16
VisualStudioVersion = 16.0.31313.79
MinimumVisualStudioVersion = 10.0.40219.1
Project("{9A19103F-16F7-4668-BE54-9A1E7A4F7556}") = "BibliotecaApi", "Biblioteca\BibliotecaApi.csproj", "{CFDBB458-3454-4709-AEC3-693F41345A4B}"
EndProject
Project("{9A19103F-16F7-4668-BE54-9A1E7A4F7556}") = "BibliotecaCore", "BibliotecaCore\BibliotecaCore.csproj", "{79FAA0CA-41FC-43D1-9663-3E5274D1E725}"
EndProject
Project("{9A19103F-16F7-4668-BE54-9A1E7A4F7556}") = "BibliotecaInfra", "BibliotecaDTO\BibliotecaInfra.csproj", "{98ABE9B3-EEC1-40B5-9BA9-2B5FACE93BA9}"
EndProject
Global
	GlobalSection(SolutionConfigurationPlatforms) = preSolution
		Debug|Any CPU = Debug|Any CPU
		Release|Any CPU = Release|Any CPU
	EndGlobalSection
	GlobalSection(ProjectConfigurationPlatforms) = postSolution
		{CFDBB458-3454-4709-AEC3-693F41345A4B}.Debug|Any CPU.ActiveCfg = Debug|Any CPU
		{CFDBB458-3454-4709-AEC3-693F41345A4B}.Debug|Any CPU.Build.0 = Debug|Any CPU
		{CFDBB458-3454-4709-AEC3-693F41345A4B}.Release|Any CPU.ActiveCfg = Release|Any CPU
		{CFDBB458-3454-4709-AEC3-693F41345A4B}.Release|Any CPU.Build.0 = Release|Any CPU
		{79FAA0CA-41FC-43D1-9663-3E5274D1E725}.Debug|Any CPU.ActiveCfg = Debug|Any CPU
		{79FAA0CA-41FC-43D1-9663-3E5274D1E725}.Debug|Any CPU.Build.0 = Debug|Any CPU
		{79FAA0CA-41FC-43D1-9663-3E5274D1E725}.Release|Any CPU.ActiveCfg = Release|Any CPU
		{79FAA0CA-41FC-43D1-9663-3E5274D1E725}.Release|Any CPU.Build.0 = Release|Any CPU
		{98ABE9B3-EEC1-40B5-9BA9-2B5FACE93BA9}.Debug|Any CPU.ActiveCfg = Debug|Any CPU
		{98ABE9B3-EEC1-40B5-9BA9-2B5FACE93BA9}.Debug|Any CPU.Build.0 = Debug|Any CPU
		{98ABE9B3-EEC1-40B5-9BA9-2B5FACE93BA9}.Release|Any CPU.ActiveCfg = Release|Any CPU
		{98ABE9B3-EEC1-40B5-9BA9-2B5FACE93BA9}.Release|Any CPU.Build.0 = Release|Any CPU
	EndGlobalSection
	GlobalSection(SolutionProperties) = preSolution
		HideSolutionNode = FALSE
	EndGlobalSection
	GlobalSection(ExtensibilityGlobals) = postSolution
		SolutionGuid = {490A230B-0391-4035-863D-E29F128FB3E6}
	EndGlobalSection
EndGlobal
